
Microsoft Visual Studio Solution File, Format Version 12.00
# Visual Studio Version 17
VisualStudioVersion = 17.9.34728.123
MinimumVisualStudioVersion = 10.0.40219.1
Project("{FAE04EC0-301F-11D3-BF4B-00C04F79EFBC}") = "Bucle for", "Bucle for\Bucle for.csproj", "{CDC7EECF-60FB-4CE3-BB85-5C3D712E043A}"
EndProject
Global
	GlobalSection(SolutionConfigurationPlatforms) = preSolution
		Debug|Any CPU = Debug|Any CPU
		Release|Any CPU = Release|Any CPU
	EndGlobalSection
	GlobalSection(ProjectConfigurationPlatforms) = postSolution
		{CDC7EECF-60FB-4CE3-BB85-5C3D712E043A}.Debug|Any CPU.ActiveCfg = Debug|Any CPU
		{CDC7EECF-60FB-4CE3-BB85-5C3D712E043A}.Debug|Any CPU.Build.0 = Debug|Any CPU
		{CDC7EECF-60FB-4CE3-BB85-5C3D712E043A}.Release|Any CPU.ActiveCfg = Release|Any CPU
		{CDC7EECF-60FB-4CE3-BB85-5C3D712E043A}.Release|Any CPU.Build.0 = Release|Any CPU
	EndGlobalSection
	GlobalSection(SolutionProperties) = preSolution
		HideSolutionNode = FALSE
	EndGlobalSection
	GlobalSection(ExtensibilityGlobals) = postSolution
		SolutionGuid = {CEABC807-80CC-45EB-A6DA-AFF02E32CA75}
	EndGlobalSection
EndGlobal
