
Microsoft Visual Studio Solution File, Format Version 12.00
# Visual Studio Version 17
VisualStudioVersion = 17.9.34728.123
MinimumVisualStudioVersion = 10.0.40219.1
Project("{FAE04EC0-301F-11D3-BF4B-00C04F79EFBC}") = "while", "while.csproj", "{AF76B8A4-8A72-4499-A85A-1D486F5CD193}"
EndProject
Global
	GlobalSection(SolutionConfigurationPlatforms) = preSolution
		Debug|Any CPU = Debug|Any CPU
		Release|Any CPU = Release|Any CPU
	EndGlobalSection
	GlobalSection(ProjectConfigurationPlatforms) = postSolution
		{AF76B8A4-8A72-4499-A85A-1D486F5CD193}.Debug|Any CPU.ActiveCfg = Debug|Any CPU
		{AF76B8A4-8A72-4499-A85A-1D486F5CD193}.Debug|Any CPU.Build.0 = Debug|Any CPU
		{AF76B8A4-8A72-4499-A85A-1D486F5CD193}.Release|Any CPU.ActiveCfg = Release|Any CPU
		{AF76B8A4-8A72-4499-A85A-1D486F5CD193}.Release|Any CPU.Build.0 = Release|Any CPU
	EndGlobalSection
	GlobalSection(SolutionProperties) = preSolution
		HideSolutionNode = FALSE
	EndGlobalSection
	GlobalSection(ExtensibilityGlobals) = postSolution
		SolutionGuid = {D6B3421A-7BE3-463E-94F9-D75C0A21E1D7}
	EndGlobalSection
EndGlobal
