
Microsoft Visual Studio Solution File, Format Version 12.00
# Visual Studio Version 17
VisualStudioVersion = 17.9.34728.123
MinimumVisualStudioVersion = 10.0.40219.1
Project("{FAE04EC0-301F-11D3-BF4B-00C04F79EFBC}") = "Do_While", "Do_While.csproj", "{1AB54AFA-BE46-4D67-9236-E097F84BCA89}"
EndProject
Global
	GlobalSection(SolutionConfigurationPlatforms) = preSolution
		Debug|Any CPU = Debug|Any CPU
		Release|Any CPU = Release|Any CPU
	EndGlobalSection
	GlobalSection(ProjectConfigurationPlatforms) = postSolution
		{1AB54AFA-BE46-4D67-9236-E097F84BCA89}.Debug|Any CPU.ActiveCfg = Debug|Any CPU
		{1AB54AFA-BE46-4D67-9236-E097F84BCA89}.Debug|Any CPU.Build.0 = Debug|Any CPU
		{1AB54AFA-BE46-4D67-9236-E097F84BCA89}.Release|Any CPU.ActiveCfg = Release|Any CPU
		{1AB54AFA-BE46-4D67-9236-E097F84BCA89}.Release|Any CPU.Build.0 = Release|Any CPU
	EndGlobalSection
	GlobalSection(SolutionProperties) = preSolution
		HideSolutionNode = FALSE
	EndGlobalSection
	GlobalSection(ExtensibilityGlobals) = postSolution
		SolutionGuid = {103DE4B3-6F22-482A-AAB2-984B80B199C0}
	EndGlobalSection
EndGlobal
